
Microsoft Visual Studio Solution File, Format Version 12.00
# Visual Studio Version 16
VisualStudioVersion = 16.0.30204.135
MinimumVisualStudioVersion = 10.0.40219.1
Project("{FAE04EC0-301F-11D3-BF4B-00C04F79EFBC}") = "cefsharp_v2", "cefsharp_v2\cefsharp_v2.csproj", "{B90DBC80-410D-4D8B-9CF0-FFBA2B2F72D0}"
EndProject
Global
	GlobalSection(SolutionConfigurationPlatforms) = preSolution
		Debug|Any CPU = Debug|Any CPU
		Debug|x64 = Debug|x64
		Debug|x86 = Debug|x86
		Release|Any CPU = Release|Any CPU
		Release|x64 = Release|x64
		Release|x86 = Release|x86
	EndGlobalSection
	GlobalSection(ProjectConfigurationPlatforms) = postSolution
		{B90DBC80-410D-4D8B-9CF0-FFBA2B2F72D0}.Debug|Any CPU.ActiveCfg = Debug|Any CPU
		{B90DBC80-410D-4D8B-9CF0-FFBA2B2F72D0}.Debug|Any CPU.Build.0 = Debug|Any CPU
		{B90DBC80-410D-4D8B-9CF0-FFBA2B2F72D0}.Debug|x64.ActiveCfg = Debug|x64
		{B90DBC80-410D-4D8B-9CF0-FFBA2B2F72D0}.Debug|x64.Build.0 = Debug|x64
		{B90DBC80-410D-4D8B-9CF0-FFBA2B2F72D0}.Debug|x86.ActiveCfg = Debug|x86
		{B90DBC80-410D-4D8B-9CF0-FFBA2B2F72D0}.Debug|x86.Build.0 = Debug|x86
		{B90DBC80-410D-4D8B-9CF0-FFBA2B2F72D0}.Release|Any CPU.ActiveCfg = Release|Any CPU
		{B90DBC80-410D-4D8B-9CF0-FFBA2B2F72D0}.Release|Any CPU.Build.0 = Release|Any CPU
		{B90DBC80-410D-4D8B-9CF0-FFBA2B2F72D0}.Release|x64.ActiveCfg = Release|x64
		{B90DBC80-410D-4D8B-9CF0-FFBA2B2F72D0}.Release|x64.Build.0 = Release|x64
		{B90DBC80-410D-4D8B-9CF0-FFBA2B2F72D0}.Release|x86.ActiveCfg = Release|x86
		{B90DBC80-410D-4D8B-9CF0-FFBA2B2F72D0}.Release|x86.Build.0 = Release|x86
	EndGlobalSection
	GlobalSection(SolutionProperties) = preSolution
		HideSolutionNode = FALSE
	EndGlobalSection
	GlobalSection(ExtensibilityGlobals) = postSolution
		SolutionGuid = {14322B66-7223-409C-92EF-211AD194C167}
	EndGlobalSection
EndGlobal
